# This file was autogenerated by Stack.
# You should not edit this file by hand.
# For more information, please see the documentation at:
#   https://docs.haskellstack.org/en/stable/lock_files

packages:
- completed:
    hackage: ghcjs-dom-0.9.4.0@sha256:c2b3d25145e24b66a8a5078c0d750305b577aeff05957cf282d74f6e8d2424dd,32082
    pantry-tree:
      size: 357
      sha256: de76dd6924d6ad9124e836a0fa66a0338f585acbcbfbffd90e8357d1b6b8fbb4
  original:
    hackage: ghcjs-dom-0.9.4.0
- completed:
    hackage: jsaddle-0.9.6.0@sha256:03b3792794759587c69dd93c79a3f743e0b4032a3617c38f7841f8e16327e013,4379
    pantry-tree:
      size: 4329
      sha256: 85e8e47983eaf44959614ff6642f009709388590bf39c61090daf6497ed63c5f
  original:
    hackage: jsaddle-0.9.6.0
- completed:
    hackage: jsaddle-warp-0.9.6.0@sha256:d84550439a50ab058f049beb0dac567a86eb4b09552ec242f1c57b3a16ab68bc,2710
    pantry-tree:
      size: 475
      sha256: 6ed1686e8dc644064c1668bbbeaea97b974499b172eb77e670c6389b78a40fda
  original:
    hackage: jsaddle-warp-0.9.6.0
- completed:
    hackage: aeson-1.4.7.1@sha256:6d8d2fd959b7122a1df9389cf4eca30420a053d67289f92cdc0dbc0dab3530ba,7098
    pantry-tree:
      size: 40133
      sha256: caa9306e519c601ab0170d113daa03c1163db53e5466be2968bbd61a771bebcb
  original:
    hackage: aeson-1.4.7.1@sha256:6d8d2fd959b7122a1df9389cf4eca30420a053d67289f92cdc0dbc0dab3530ba,7098
- completed:
    hackage: attoparsec-0.13.2.4@sha256:e10c2a5070a344a0973e6f9486d148c690b6955468cfd61ee09a41b5adc48873,5735
    pantry-tree:
      size: 5231
      sha256: 1098f9aaf18a8ad0ee10019d929920c96be87cded84cbb90d78ab0e7a4264ea4
  original:
    hackage: attoparsec-0.13.2.4@sha256:e10c2a5070a344a0973e6f9486d148c690b6955468cfd61ee09a41b5adc48873,5735
- completed:
    hackage: base64-bytestring-1.0.0.3@sha256:6c82d900465345e30ff0eeb9a1374fbd2955c8e5ca6206e03669f04575830f88,2242
    pantry-tree:
      size: 848
      sha256: 580b3808ee3ee06468d56808639a6b46615ff385c64d977423817434d17a9888
  original:
    hackage: base64-bytestring-1.0.0.3@sha256:6c82d900465345e30ff0eeb9a1374fbd2955c8e5ca6206e03669f04575830f88,2242
- completed:
    hackage: exceptions-0.10.4@sha256:1729ef26a611ae78aa58cdd34192aff710cbaa6d631dd042ddfb63556d00b52c,2796
    pantry-tree:
      size: 908
      sha256: 6689458f5d183f8efda66f918f7bd4b7ac28548defbef53c7e174c2cdf6b9f18
  original:
    hackage: exceptions-0.10.4@sha256:1729ef26a611ae78aa58cdd34192aff710cbaa6d631dd042ddfb63556d00b52c,2796
- completed:
    hackage: foreign-store-0.2@sha256:5673289d703e523dfec904555e132c46e70c9221c4c9a75fcbc3e587c0b9e63c,881
    pantry-tree:
      size: 271
      sha256: 83c012c99e4c2c2ca000d50f87cb43f5164dffb5b2bbfb125cffbe580c60f3fc
  original:
    hackage: foreign-store-0.2@sha256:5673289d703e523dfec904555e132c46e70c9221c4c9a75fcbc3e587c0b9e63c,881
- completed:
    hackage: ghcjs-dom-jsaddle-0.9.4.0@sha256:31ddfc5ebcbb4811b0c956fd5fcf106643012b46bb4e0bc2f15d09db1d116fbb,39525
    pantry-tree:
      size: 164
      sha256: 3f665a5e70fab961bf236e5c672f497901632785d403024d7bab1785444a0816
  original:
    hackage: ghcjs-dom-jsaddle-0.9.4.0@sha256:31ddfc5ebcbb4811b0c956fd5fcf106643012b46bb4e0bc2f15d09db1d116fbb,39525
- completed:
    hackage: http-types-0.12.3@sha256:f35229edb1bc7b3ae27f961b2407dadb5bfa69d43a8f5337ab46cdc79ca4afe9,2035
    pantry-tree:
      size: 833
      sha256: c9b77e1ba204fffbe4e1be80412bc48e47440a07e4b7db4cdc77d573a3e21b9a
  original:
    hackage: http-types-0.12.3@sha256:f35229edb1bc7b3ae27f961b2407dadb5bfa69d43a8f5337ab46cdc79ca4afe9,2035
- completed:
    hackage: lens-4.19.2@sha256:f0570ca0e4624d9daa57256f00f514e87be155401583fa1665faba47376c63a7,16053
    pantry-tree:
      size: 8330
      sha256: 97df1b96d825fb74400e75847e2a6ce2c37c9d1baeb71f5804a3a97694a4f881
  original:
    hackage: lens-4.19.2@sha256:f0570ca0e4624d9daa57256f00f514e87be155401583fa1665faba47376c63a7,16053
- completed:
    hackage: miso-1.6.0.0@sha256:e7a8dfa68862fce0764d7c0267ae28c3476ddbf8a38d291d832da2af95fa1593,4605
    pantry-tree:
      size: 3909
      sha256: 5c6d0ed5bdd97520dd50bdb16a1f74f6b829e87ac030bc210cd3e6f748e7ccd2
  original:
    hackage: miso-1.6.0.0@sha256:e7a8dfa68862fce0764d7c0267ae28c3476ddbf8a38d291d832da2af95fa1593,4605
- completed:
    hackage: placeholders-0.1@sha256:94a4e045d4f086bea8266b7bd897cf9db18570ea10acda8bdaf50c5e8308c605,1346
    pantry-tree:
      size: 284
      sha256: ab46dafbebe885e2674a725dafd9b1b5d02244a51ce3ecc6c24608df4259c306
  original:
    hackage: placeholders-0.1@sha256:94a4e045d4f086bea8266b7bd897cf9db18570ea10acda8bdaf50c5e8308c605,1346
- completed:
    hackage: primitive-0.6.4.0@sha256:5b6a2c3cc70a35aabd4565fcb9bb1dd78fe2814a36e62428a9a1aae8c32441a1,2079
    pantry-tree:
      size: 1517
      sha256: 5d5e591311664886e88ade3da6880c32adf0d1fe80c55f40a3c93bb91df8fdeb
  original:
    hackage: primitive-0.6.4.0@sha256:5b6a2c3cc70a35aabd4565fcb9bb1dd78fe2814a36e62428a9a1aae8c32441a1,2079
- completed:
    hackage: random-1.1@sha256:7b67624fd76ddf97c206de0801dc7e888097e9d572974be9b9ea6551d76965df,1777
    pantry-tree:
      size: 637
      sha256: 14a1b01728c5584e87c9fa00746a66e28ffd89dd2c0eabd334c8463953496e1b
  original:
    hackage: random-1.1@sha256:7b67624fd76ddf97c206de0801dc7e888097e9d572974be9b9ea6551d76965df,1777
- completed:
    hackage: ref-tf-0.4.0.2@sha256:69de3550250e0cd69f45d080359cb314a9487c915024349c75b78732bbee9332,1134
    pantry-tree:
      size: 211
      sha256: fc5a4a35b4c782a33f452c1dc66ffa8ddbf321e2db369bd8823c796f0d4d8c7f
  original:
    hackage: ref-tf-0.4.0.2@sha256:69de3550250e0cd69f45d080359cb314a9487c915024349c75b78732bbee9332,1134
- completed:
    hackage: relude-0.7.0.0@sha256:09b7eead4ee71a3a411cef392f9b84afbd0fdc100a3efb54a5e854649417e48d,10948
    pantry-tree:
      size: 4249
      sha256: 22eae9cd3bdea7f1844cfdfc9366fb92570263dff1fb514ff4e4c1903d9b9ed5
  original:
    hackage: relude-0.7.0.0@sha256:09b7eead4ee71a3a411cef392f9b84afbd0fdc100a3efb54a5e854649417e48d,10948
- completed:
    hackage: scientific-0.3.6.2@sha256:dd49abc76bd8e2b57e7a057dc2bb742a00527b4bf9350f9374be03b5934e55d8,4679
    pantry-tree:
      size: 656
      sha256: d05b22ccd31ad7a4438d9217bf44771ac63c4eeb0acc9c624465044e5894766a
  original:
    hackage: scientific-0.3.6.2@sha256:dd49abc76bd8e2b57e7a057dc2bb742a00527b4bf9350f9374be03b5934e55d8,4679
- completed:
    hackage: turtle-1.5.19@sha256:d801bbee7bd45259be33d9e9a3216b1ad0ea58ec2c78bd1760ffcc225a961cfc,5010
    pantry-tree:
      size: 1114
      sha256: b3b4a6e53a7c35d5c748f62b01c5e57a6a4a89d0f14a03af742cd2bddbe7fae4
  original:
    hackage: turtle-1.5.19@sha256:d801bbee7bd45259be33d9e9a3216b1ad0ea58ec2c78bd1760ffcc225a961cfc,5010
- completed:
    hackage: unliftio-core-0.1.2.0@sha256:7f9b48adef8e36da0202e6e70a733a5e210263ed4177c93e47a4b3f89694194b,1081
    pantry-tree:
      size: 328
      sha256: 72be5813b35ba78db99459fb73a553a58b95a393005fdffb96eec3c1244f90c4
  original:
    hackage: unliftio-core-0.1.2.0@sha256:7f9b48adef8e36da0202e6e70a733a5e210263ed4177c93e47a4b3f89694194b,1081
- completed:
    hackage: unordered-containers-0.2.11.0@sha256:ba70b8a9d7eebc2034bf92e5690b2dd71200e76aa9f3f93e0b6be3f27f244d18,4998
    pantry-tree:
      size: 1416
      sha256: d9b83f62373f509a441223f22f12e22e39b38ef3275dfca7c190a4795bebfed5
  original:
    hackage: unordered-containers-0.2.11.0@sha256:ba70b8a9d7eebc2034bf92e5690b2dd71200e76aa9f3f93e0b6be3f27f244d18,4998
- completed:
    hackage: vector-0.12.1.2@sha256:9291bc581f36e51d5bda9fce57cb980fbec3dd292996896f285fef39eb80a9a0,7364
    pantry-tree:
      size: 3784
      sha256: f79eefc8ba2b57ded2276f48046e64663d37b210b6047b6b6ecb30c9da196216
  original:
    hackage: vector-0.12.1.2@sha256:9291bc581f36e51d5bda9fce57cb980fbec3dd292996896f285fef39eb80a9a0,7364
- completed:
    hackage: wai-3.2.2.1@sha256:3f8fcbd4dec70fb549f1f9ec2b038df215a30afd74c01c1d36ecb85845115ba3,1765
    pantry-tree:
      size: 485
      sha256: de2162f984227d9d0cc27b7f0a9b30cc03ef2670028bd40fa8c55fee7b92f000
  original:
    hackage: wai-3.2.2.1@sha256:3f8fcbd4dec70fb549f1f9ec2b038df215a30afd74c01c1d36ecb85845115ba3,1765
- completed:
    hackage: wai-websockets-3.0.1.2@sha256:0e713ddb8c28d47be76cefeab3a73b6876477d648ddcd873ba6b15d08691aa7f,1905
    pantry-tree:
      size: 558
      sha256: 81b4067c7fefad29f632f3e3b97096f1b16753afb3f6052beb5350dd4943e67f
  original:
    hackage: wai-websockets-3.0.1.2@sha256:0e713ddb8c28d47be76cefeab3a73b6876477d648ddcd873ba6b15d08691aa7f,1905
- completed:
    hackage: warp-3.2.28@sha256:b32fb8fed7ace4bd206fd897c388c00cdb915ec7e34ee61dc6397d518d9e651c,11186
    pantry-tree:
      size: 4227
      sha256: a08eab2f15d6be431d00cd31a8b87a7e5ce87f203aad06916f9af0c673ec8a7d
  original:
    hackage: warp-3.2.28@sha256:b32fb8fed7ace4bd206fd897c388c00cdb915ec7e34ee61dc6397d518d9e651c,11186
- completed:
    hackage: websockets-0.12.7.1@sha256:4363a5ca794af094971266a1397807ac55d5b3124645060fb78c64ac4c88a1f1,7863
    pantry-tree:
      size: 2592
      sha256: 68e77e982cbf108cb2ad65f1075c5323ad635c2e7faa262f8475d5d4a2d25f27
  original:
    hackage: websockets-0.12.7.1@sha256:4363a5ca794af094971266a1397807ac55d5b3124645060fb78c64ac4c88a1f1,7863
- completed:
    hackage: SHA-1.6.4.4@sha256:3b7523df3e2186ae8c5ac78c745efb586814afe9c775b886a747556d9f4d429c,4920
    pantry-tree:
      size: 326
      sha256: c03bb11d42a31b3d371761f0b48adc4ca8ed43393c37130a2de788db02d090ae
  original:
    hackage: SHA-1.6.4.4@sha256:3b7523df3e2186ae8c5ac78c745efb586814afe9c775b886a747556d9f4d429c,4920
- completed:
    hackage: ansi-wl-pprint-0.6.9@sha256:f6fd6dbd4adcad0432bf75e5f5b19bb1deda00a1d8056faf18090026e577652d,2388
    pantry-tree:
      size: 472
      sha256: a49f803a88dc2700cdce18f475525578e51964ae8bc9233d28331c66617711a8
  original:
    hackage: ansi-wl-pprint-0.6.9@sha256:f6fd6dbd4adcad0432bf75e5f5b19bb1deda00a1d8056faf18090026e577652d,2388
- completed:
    hackage: async-2.2.2@sha256:a178c166856da7ff22fe4500337b54812e94fd2059409452187d72e057ede9cd,2934
    pantry-tree:
      size: 501
      sha256: 647557f470dd934404806bcc7201ff9b2d440daaf11f570ac6a46d9b2ef42d98
  original:
    hackage: async-2.2.2@sha256:a178c166856da7ff22fe4500337b54812e94fd2059409452187d72e057ede9cd,2934
- completed:
    hackage: auto-update-0.1.6@sha256:10adca282e131a2fa01fb7a411b02811685c1cea02e9813df2d7fb468b5ef638,1373
    pantry-tree:
      size: 828
      sha256: 5e27352ca8e89e569204445b3f7be4951afbcd10cbac701ece75d2070cbed130
  original:
    hackage: auto-update-0.1.6@sha256:10adca282e131a2fa01fb7a411b02811685c1cea02e9813df2d7fb468b5ef638,1373
- completed:
    hackage: base-compat-batteries-0.11.1@sha256:2763af26f6bd118dc278b805988acc792443f08bd77da03ac5c438c2b1ab4aab,8666
    pantry-tree:
      size: 10736
      sha256: cb14c77d6a2acbfb3ccbb3ec8ad8682cc95baebcf2c291fdb6aab5332a6a92ee
  original:
    hackage: base-compat-batteries-0.11.1@sha256:2763af26f6bd118dc278b805988acc792443f08bd77da03ac5c438c2b1ab4aab,8666
- completed:
    hackage: base-orphans-0.8.2@sha256:40ef37ed043aac2cbb6c538fdebfc62e601ee65ee161e4a6327452133b574d7e,2958
    pantry-tree:
      size: 1272
      sha256: f22e483c039b549ee70101e7841b14852e1417f2518f0281af46b62b3ae5d5f6
  original:
    hackage: base-orphans-0.8.2@sha256:40ef37ed043aac2cbb6c538fdebfc62e601ee65ee161e4a6327452133b574d7e,2958
- completed:
    hackage: bifunctors-5.5.7@sha256:54c38cffb60213bfbb9474d92226696c30d07bc6f88e1e9c887ab7c5a5721b45,3410
    pantry-tree:
      size: 1755
      sha256: faa376b667db401c653b0454217f854c9aecd2d04a94ebb589b69847effd5a4a
  original:
    hackage: bifunctors-5.5.7@sha256:54c38cffb60213bfbb9474d92226696c30d07bc6f88e1e9c887ab7c5a5721b45,3410
- completed:
    hackage: bsb-http-chunked-0.0.0.4@sha256:191a52daa2e5ee41a0d1e1ec455dbbcd064f6247f559d2427693dbd53a15e62f,2678
    pantry-tree:
      size: 460
      sha256: 1a02febdcc9fe604329e731631207b8e8100a25dec4fa4f82f153ed09a6d1adb
  original:
    hackage: bsb-http-chunked-0.0.0.4@sha256:191a52daa2e5ee41a0d1e1ec455dbbcd064f6247f559d2427693dbd53a15e62f,2678
- completed:
    hackage: bytestring-builder-0.10.8.2.0@sha256:6b2b812cdac53f5a2c82376a416dde04adbb5ca3e1604c0d075368a0498f762b,3781
    pantry-tree:
      size: 1393
      sha256: cbfed55bf3b55fa213e9635423b69db89ff797e68b29bd8f9e62eef843c3524b
  original:
    hackage: bytestring-builder-0.10.8.2.0@sha256:6b2b812cdac53f5a2c82376a416dde04adbb5ca3e1604c0d075368a0498f762b,3781
- completed:
    hackage: cabal-doctest-1.0.8@sha256:34dff6369d417df2699af4e15f06bc181d495eca9c51efde173deae2053c197c,1491
    pantry-tree:
      size: 334
      sha256: 1632476e4cdd37f323f81b2df0d06efe542ca3b02ab0097e1cd95d12c0fc2003
  original:
    hackage: cabal-doctest-1.0.8@sha256:34dff6369d417df2699af4e15f06bc181d495eca9c51efde173deae2053c197c,1491
- completed:
    hackage: call-stack-0.2.0@sha256:5ce796b78d5f964468ec6fe0717b4e7d0430817f37370c47b3e6b38e345b6643,1202
    pantry-tree:
      size: 500
      sha256: 30cc02f50a7f660db6b5c4218b4021cd78cae90b135d893d55f32a1c8b1e1c08
  original:
    hackage: call-stack-0.2.0@sha256:5ce796b78d5f964468ec6fe0717b4e7d0430817f37370c47b3e6b38e345b6643,1202
- completed:
    hackage: case-insensitive-1.2.1.0@sha256:9dfd3171fc7698cf8d931727d3af3a7b389135b583e46b5adac1f9d2026fff61,2244
    pantry-tree:
      size: 688
      sha256: d6f175b17eacce002fc5336c17e119d989bd97f8ad9702446163c9e27c7c79b7
  original:
    hackage: case-insensitive-1.2.1.0@sha256:9dfd3171fc7698cf8d931727d3af3a7b389135b583e46b5adac1f9d2026fff61,2244
- completed:
    hackage: clock-0.8@sha256:b4ae207e2d3761450060a0d0feb873269233898039c76fceef9cc1a544067767,4113
    pantry-tree:
      size: 446
      sha256: d9ac8ce6a19812fe74cb1e74228e6e624eda19021ff4d12e24611f88abacd38a
  original:
    hackage: clock-0.8@sha256:b4ae207e2d3761450060a0d0feb873269233898039c76fceef9cc1a544067767,4113
- completed:
    hackage: comonad-5.0.6@sha256:fdf1b529a79765a8549ac7e9d439b769cca852778742db8702a9d9b2dc27e4a4,3496
    pantry-tree:
      size: 1819
      sha256: dbe8388045c8f4339f292d213ff8cfc6635d7e158c04caafe35576ae80905ac6
  original:
    hackage: comonad-5.0.6@sha256:fdf1b529a79765a8549ac7e9d439b769cca852778742db8702a9d9b2dc27e4a4,3496
- completed:
    hackage: contravariant-1.5.2@sha256:853259271870000c007a281f0bf0bf6e1aaa97c5fd5cd5734d7b0d79b9de2af5,2761
    pantry-tree:
      size: 699
      sha256: 9d1b9732339d893bf03b2a8ca619430b4b601ee2c9c07f80188c2d54e23573cf
  original:
    hackage: contravariant-1.5.2@sha256:853259271870000c007a281f0bf0bf6e1aaa97c5fd5cd5734d7b0d79b9de2af5,2761
- completed:
    hackage: distributive-0.6.2@sha256:1ad2369d4928a61a9fb8dc94b7ecc5f65a9296b07a51a2b4c397049115d82ed4,3198
    pantry-tree:
      size: 959
      sha256: f414bed061eafcec6bd24238af08b5150615d6cf9b4b360a14d614e146080229
  original:
    hackage: distributive-0.6.2@sha256:1ad2369d4928a61a9fb8dc94b7ecc5f65a9296b07a51a2b4c397049115d82ed4,3198
- completed:
    hackage: dlist-0.8.0.8@sha256:90ca348bffdc62d7070bcf0e97c728f8d01b24fbc7ea08d2909157d0da76534c,2066
    pantry-tree:
      size: 426
      sha256: 1b5b9142a932f15c77f758f92f90bea6c805c42d4c62f7a697e8e4f6cf1ad6e6
  original:
    hackage: dlist-0.8.0.8@sha256:90ca348bffdc62d7070bcf0e97c728f8d01b24fbc7ea08d2909157d0da76534c,2066
- completed:
    hackage: entropy-0.4.1.6@sha256:d72a8745b0d011737190832be477f6d98a7c819865a6392e4c451110eb79361c,3007
    pantry-tree:
      size: 743
      sha256: e3909bd795797100f74a6e81c9ed098fbc77985a053335b39c10e07b16ba1ddc
  original:
    hackage: entropy-0.4.1.6@sha256:d72a8745b0d011737190832be477f6d98a7c819865a6392e4c451110eb79361c,3007
- completed:
    hackage: file-embed-0.0.12.0@sha256:de973e784af388dc140481a65c8dba8e10802f398b5b6aff3e4b0c13c40aeb5b,1396
    pantry-tree:
      size: 477
      sha256: 004812721f5b4dfbcdcadccdbfdf2a91e301d4123e6fbb63cd441bba613945ed
  original:
    hackage: file-embed-0.0.12.0@sha256:de973e784af388dc140481a65c8dba8e10802f398b5b6aff3e4b0c13c40aeb5b,1396
- completed:
    hackage: foldl-1.4.7@sha256:2078aa52a71b229236eb2c07db3aa103824f78e7a9ba8cdbba41ae4e6fc6dc62,2269
    pantry-tree:
      size: 764
      sha256: 35d16aa59ac8d3b8a3d41788b98178da9ddb803425f2bca99b141356987c8f96
  original:
    hackage: foldl-1.4.7@sha256:2078aa52a71b229236eb2c07db3aa103824f78e7a9ba8cdbba41ae4e6fc6dc62,2269
- completed:
    hackage: free-5.1.3@sha256:a554ca318f7a67abde1acc59bf4ccb8e039d61cbef7921932e34e114afdc8608,4148
    pantry-tree:
      size: 3362
      sha256: 8a318ba8fe54841b776bb9443ab240450406a38c95526be9638e6f118eb3a1a2
  original:
    hackage: free-5.1.3@sha256:a554ca318f7a67abde1acc59bf4ccb8e039d61cbef7921932e34e114afdc8608,4148
- completed:
    hackage: hashable-1.3.0.0@sha256:4c70f1407881059e93550d3742191254296b2737b793a742bd901348fb3e1fb1,5206
    pantry-tree:
      size: 1521
      sha256: 84aba72926c33debd71fb9c670869d842025f8ea45ad10084289a34f0448250f
  original:
    hackage: hashable-1.3.0.0@sha256:4c70f1407881059e93550d3742191254296b2737b793a742bd901348fb3e1fb1,5206
- completed:
    hackage: hostname-1.0@sha256:8203b6ecd14ca1ef12f73a471b0a6a4be3ad4568d8b84f2bc4bc9e0abb8c4153,813
    pantry-tree:
      size: 212
      sha256: 962f3607627035d8da35d0073170e75e736adcc6919a3d96669cbe28bf19468b
  original:
    hackage: hostname-1.0@sha256:8203b6ecd14ca1ef12f73a471b0a6a4be3ad4568d8b84f2bc4bc9e0abb8c4153,813
- completed:
    hackage: http-api-data-0.4.1.1@sha256:998b3a5e4d2707dff19e2a877c2f9859ac5fdf491a94d31024d20212c2c250b7,3704
    pantry-tree:
      size: 887
      sha256: 4e76b5bc6a9e45679e25665be7dd1ed8161840d4d781e3e125557e6f2b9d1fd7
  original:
    hackage: http-api-data-0.4.1.1@sha256:998b3a5e4d2707dff19e2a877c2f9859ac5fdf491a94d31024d20212c2c250b7,3704
- completed:
    hackage: http-date-0.0.8@sha256:0551a9433d5ce29ad98f2839f025204c566b69aa1ab45d8488042fe8cde9ceff,1637
    pantry-tree:
      size: 706
      sha256: a27a0f2e929c24d1dcdaf60be08e9a0a791a988fea96b5d4e4878cb39044e489
  original:
    hackage: http-date-0.0.8@sha256:0551a9433d5ce29ad98f2839f025204c566b69aa1ab45d8488042fe8cde9ceff,1637
- completed:
    hackage: http2-1.6.5@sha256:f1743ba4a267f525106c218894e4bd2acf28fa047a9ba660b4a317a97382a877,13999
    pantry-tree:
      size: 43676
      sha256: 7c5c74e748187ae08baafab4af661147dcc128f1464305de68a06c3f0949cb91
  original:
    hackage: http2-1.6.5@sha256:f1743ba4a267f525106c218894e4bd2acf28fa047a9ba660b4a317a97382a877,13999
- completed:
    hackage: integer-logarithms-1.0.3@sha256:63d42595ec92b71ac98a07b984b0a2eb3d4956f4ad2d856c3bf6fc3dc218d228,2820
    pantry-tree:
      size: 865
      sha256: 7feb7c37d4117f398377c7e0ad480bfa7f63e378753fc6a163deec1f3e9fbc23
  original:
    hackage: integer-logarithms-1.0.3@sha256:63d42595ec92b71ac98a07b984b0a2eb3d4956f4ad2d856c3bf6fc3dc218d228,2820
- completed:
    hackage: iproute-1.7.9@sha256:b0ff62c56568b9f25e3fad10b538f740813f4147bf54df7c01d4464513647fed,3108
    pantry-tree:
      size: 962
      sha256: 86dadfb29c9834e4d262618e12e1e1a4f8d19ee5b7cff67d09e7ac35172e5026
  original:
    hackage: iproute-1.7.9@sha256:b0ff62c56568b9f25e3fad10b538f740813f4147bf54df7c01d4464513647fed,3108
- completed:
    hackage: jsaddle-dom-0.9.4.0@sha256:e9557e5a6df02bf089acab3e053ee3d4b523acebfe9ede9b5091d12cee760780,75700
    pantry-tree:
      size: 48295
      sha256: 82000a394aa858fa99bafa3bc8ff0646e3b1c6c62c3d7d49d46bf68311d0afb0
  original:
    hackage: jsaddle-dom-0.9.4.0@sha256:e9557e5a6df02bf089acab3e053ee3d4b523acebfe9ede9b5091d12cee760780,75700
- completed:
    hackage: kan-extensions-5.2@sha256:2407501562039dad6a3d19aacd0bbcca07aa28497cbd1cdaaf5aabc30146899d,2771
    pantry-tree:
      size: 1472
      sha256: ba338b2be42e0e33e861a6b3082685ab28c4876af89643b8bbfb3936aa6aa52a
  original:
    hackage: kan-extensions-5.2@sha256:2407501562039dad6a3d19aacd0bbcca07aa28497cbd1cdaaf5aabc30146899d,2771
- completed:
    hackage: lucid-2.9.12@sha256:096395b2f434dbe1b10652c05ad8ebe245663dcec665aba474dd2a66cb841cb8,2887
    pantry-tree:
      size: 779
      sha256: acc60fda3ca44528739ca12ab0280c64d182daccf8dc0ac1453c51760cdb7863
  original:
    hackage: lucid-2.9.12@sha256:096395b2f434dbe1b10652c05ad8ebe245663dcec665aba474dd2a66cb841cb8,2887
- completed:
    hackage: managed-1.0.7@sha256:382d22103b994ffdf08c2f7e8e147f21eec5f79121aabdbe0b97da12678b9015,1535
    pantry-tree:
      size: 294
      sha256: 6c1b6cd13169ed023e1626fe959b5b562a7edfdc1314f46b3af4f25fc48d52b1
  original:
    hackage: managed-1.0.7@sha256:382d22103b994ffdf08c2f7e8e147f21eec5f79121aabdbe0b97da12678b9015,1535
- completed:
    hackage: network-3.1.1.1@sha256:b704cb6676c03e98267190df797497587576a2e96094550ea143415239bbe66e,4268
    pantry-tree:
      size: 3297
      sha256: 975170abd872edadd5afea9911eaebfd7683fe6e53f0a898343743d938b7b80d
  original:
    hackage: network-3.1.1.1@sha256:b704cb6676c03e98267190df797497587576a2e96094550ea143415239bbe66e,4268
- completed:
    hackage: network-uri-2.6.3.0@sha256:d2d9ff3a80d9b2d1ff317a354bc0c56cc109c69a4c2449e5fc712d3ddce83ede,2902
    pantry-tree:
      size: 551
      sha256: 807aa9f8278604645d08882c44b3615f69c9189096471edb5fab26f9ea28cf5f
  original:
    hackage: network-uri-2.6.3.0@sha256:d2d9ff3a80d9b2d1ff317a354bc0c56cc109c69a4c2449e5fc712d3ddce83ede,2902
- completed:
    hackage: optional-args-1.0.2@sha256:83f6a4c838bf011e85ea5573bfd4d7f8a8516d97c64d07135b1713526135aa39,878
    pantry-tree:
      size: 217
      sha256: 90c3f1e9e8e7fa7f2e1aae1bdd91cbbcd42070ee8199ccea6f7aececdc1394f0
  original:
    hackage: optional-args-1.0.2@sha256:83f6a4c838bf011e85ea5573bfd4d7f8a8516d97c64d07135b1713526135aa39,878
- completed:
    hackage: optparse-applicative-0.15.1.0@sha256:29ff6146aabf54d46c4c8788e8d1eadaea27c94f6d360c690c5f6c93dac4b07e,4810
    pantry-tree:
      size: 2904
      sha256: 04ad3816bc580cbe0834d3d1f4729ddd386abfe31b43e5b14968885f636d1b0d
  original:
    hackage: optparse-applicative-0.15.1.0@sha256:29ff6146aabf54d46c4c8788e8d1eadaea27c94f6d360c690c5f6c93dac4b07e,4810
- completed:
    hackage: parallel-3.2.2.0@sha256:c69372af9a39a06739e1d0eaa1f2d8be6b86493a53dbbc455e7b30479c491c6a,1763
    pantry-tree:
      size: 392
      sha256: 0b408143e18070406acc2acb528fc4b695f04161e0beb490351d50d92a841fe3
  original:
    hackage: parallel-3.2.2.0@sha256:c69372af9a39a06739e1d0eaa1f2d8be6b86493a53dbbc455e7b30479c491c6a,1763
- completed:
    hackage: profunctors-5.5.2@sha256:55132b7e8a5461e8f7fdc4e06839109fe42ad581225cd151342753fddb824aa8,2075
    pantry-tree:
      size: 1639
      sha256: ad6ec53d15bbadac65278e52ff03e22236d1399d6fd61ea20ae8cd9a0d9de207
  original:
    hackage: profunctors-5.5.2@sha256:55132b7e8a5461e8f7fdc4e06839109fe42ad581225cd151342753fddb824aa8,2075
- completed:
    hackage: reflection-2.1.6@sha256:044acb7caf41a9d8246878f849baed2dffbc4582d0a1e5c7c079d4287239e970,3976
    pantry-tree:
      size: 1062
      sha256: f5aeb758b72cdb290de887c0db7297071c92f263870b0aee64801f420b85b83d
  original:
    hackage: reflection-2.1.6@sha256:044acb7caf41a9d8246878f849baed2dffbc4582d0a1e5c7c079d4287239e970,3976
- completed:
    hackage: semigroupoids-5.3.4@sha256:3a6445a6105348d01c71aa608e1a8644ad78c01ec17dc70b87cf161cac92a100,7596
    pantry-tree:
      size: 1990
      sha256: d6dedcdff1035094c36156668a15484a3f3f734670b0f080bb8fcab9aaf45ad0
  original:
    hackage: semigroupoids-5.3.4@sha256:3a6445a6105348d01c71aa608e1a8644ad78c01ec17dc70b87cf161cac92a100,7596
- completed:
    hackage: semigroups-0.19.1@sha256:ecae129621e0d2f77bef2f01e4458c2e0567ab6e1f39579c61d7cec8058ebb0e,6262
    pantry-tree:
      size: 534
      sha256: 61160272cccf0dcffe7fe23b7644412b959a8ec232bed4d43be235176f0bd90b
  original:
    hackage: semigroups-0.19.1@sha256:ecae129621e0d2f77bef2f01e4458c2e0567ab6e1f39579c61d7cec8058ebb0e,6262
- completed:
    hackage: servant-0.17@sha256:e78734cb6b75c5d1e52e8f5e16bc3f557154a580bbde4932a7e1a6a90da7eb04,5029
    pantry-tree:
      size: 2392
      sha256: 36561a606c35393386aa48b7cc2407fa4013aba62a19d69f004ec9c2010209aa
  original:
    hackage: servant-0.17@sha256:e78734cb6b75c5d1e52e8f5e16bc3f557154a580bbde4932a7e1a6a90da7eb04,5029
- completed:
    hackage: servant-lucid-0.9.0.1@sha256:17b634fd41c8e14158bbcab5bed6aa7291832396495b3e271a8379dbdbf07e85,1789
    pantry-tree:
      size: 392
      sha256: 1386380a331fe7625b956fde6d6d1bcb3b518f93da466a6b1a2c87ef40c1c337
  original:
    hackage: servant-lucid-0.9.0.1@sha256:17b634fd41c8e14158bbcab5bed6aa7291832396495b3e271a8379dbdbf07e85,1789
- completed:
    hackage: simple-sendfile-0.2.30@sha256:c6893e159dc20eea6d0b805bfd8d9b73e6a6ba3fe72cc396acdc24fdcd33cc38,2676
    pantry-tree:
      size: 787
      sha256: be6c94ef2a9901e3c642f23a36f2cef8053e3d05779d12c8e625954448d73c55
  original:
    hackage: simple-sendfile-0.2.30@sha256:c6893e159dc20eea6d0b805bfd8d9b73e6a6ba3fe72cc396acdc24fdcd33cc38,2676
- completed:
    hackage: streaming-commons-0.2.1.2@sha256:7830ce8a437bbe8b6546b03308d86e2f6c96bc1b62c2d0c007c44b27f3849a20,4990
    pantry-tree:
      size: 3325
      sha256: a3d9a7f070084f8d33e1c7a90dc33b38f720569c0f234e4abb0d5b6f263fb59f
  original:
    hackage: streaming-commons-0.2.1.2@sha256:7830ce8a437bbe8b6546b03308d86e2f6c96bc1b62c2d0c007c44b27f3849a20,4990
- completed:
    hackage: system-fileio-0.3.16.4@sha256:ca3a89469943828bcd526bed2d6943541e3e672464fd58abab3443b63f59c5ba,2127
    pantry-tree:
      size: 934
      sha256: 05499dbd2c96132ea135b373b4c509798ac6dba81a682af5988017ccd1123e51
  original:
    hackage: system-fileio-0.3.16.4@sha256:ca3a89469943828bcd526bed2d6943541e3e672464fd58abab3443b63f59c5ba,2127
- completed:
    hackage: system-filepath-0.4.14@sha256:e8ce7d24d7008a825e5d03aa672950a0e8178ac54c3de7134f36c3a7e37694a2,1631
    pantry-tree:
      size: 614
      sha256: 330ac9678b22f6921b6e58ad336e7e219edfbd22a04b3597080d406aaf9654e5
  original:
    hackage: system-filepath-0.4.14@sha256:e8ce7d24d7008a825e5d03aa672950a0e8178ac54c3de7134f36c3a7e37694a2,1631
- completed:
    hackage: tagged-0.8.6@sha256:1f7ca84e6c88cbb923641c60041c9f56c34f1a889759cc073cdf10542b441ff9,2606
    pantry-tree:
      size: 543
      sha256: 7e03b4e4506268d8a1429fba046816d682ec98e1c61d3869ae0ce57d74574d78
  original:
    hackage: tagged-0.8.6@sha256:1f7ca84e6c88cbb923641c60041c9f56c34f1a889759cc073cdf10542b441ff9,2606
- completed:
    hackage: temporary-1.3@sha256:3a66c136f700dbf42f3c5000ca93e80b26dead51e54322c83272b236c1ec8ef1,1485
    pantry-tree:
      size: 318
      sha256: 5bfb8569e9c83e1b17604fc4375b5efd280f28146a7c42524f13a986f5a3bbc5
  original:
    hackage: temporary-1.3@sha256:3a66c136f700dbf42f3c5000ca93e80b26dead51e54322c83272b236c1ec8ef1,1485
- completed:
    hackage: th-abstraction-0.3.2.0@sha256:9b5b4e6e2bbff9b075ad7751ee98e2107090bd17b51d5442695b8990e4db6521,1851
    pantry-tree:
      size: 583
      sha256: 21e260e558db166dc70f3002e7a0d22dd57d0b9e7842dd9de5e2f9f887e1275e
  original:
    hackage: th-abstraction-0.3.2.0@sha256:9b5b4e6e2bbff9b075ad7751ee98e2107090bd17b51d5442695b8990e4db6521,1851
- completed:
    hackage: time-compat-1.9.3@sha256:a1a0a8b088be6a7be50c7c0bf156ce876151b1cbe14261736965e361c8073b2a,4349
    pantry-tree:
      size: 3654
      sha256: 9bce314b9a677472b9cc051a6ed09f4a1555180a5e2702ad67d64d74c9b5ceed
  original:
    hackage: time-compat-1.9.3@sha256:a1a0a8b088be6a7be50c7c0bf156ce876151b1cbe14261736965e361c8073b2a,4349
- completed:
    hackage: time-manager-0.0.0@sha256:d258b1d08f9b926823f5380e9201303b0ebeefe4f9e0047c0cbd7b6728135ee1,657
    pantry-tree:
      size: 217
      sha256: 8f5ff87a3d7eb8c01e1f309b580dafe1dc77d3334b0a161994c5fd3a6ed51385
  original:
    hackage: time-manager-0.0.0@sha256:d258b1d08f9b926823f5380e9201303b0ebeefe4f9e0047c0cbd7b6728135ee1,657
- completed:
    hackage: transformers-compat-0.6.5@sha256:50b00c57bf3fc379ec2477bfc261a2aebc983084488478adb29854f193af4696,5490
    pantry-tree:
      size: 1773
      sha256: 3a15141e82214faba9ddcabaa63526273d4c8b7b1d9d6cbc643334bfe41fb2f8
  original:
    hackage: transformers-compat-0.6.5@sha256:50b00c57bf3fc379ec2477bfc261a2aebc983084488478adb29854f193af4696,5490
- completed:
    hackage: unix-compat-0.5.2@sha256:5508ebcfaf1a862886cd217178e283d613d47803785d8ab4a3bd2bb9b542a3fb,2041
    pantry-tree:
      size: 1045
      sha256: a49f0f7f11fc5715b5a71a36126bd73686b2f4cad12862633d062775bcd4f680
  original:
    hackage: unix-compat-0.5.2@sha256:5508ebcfaf1a862886cd217178e283d613d47803785d8ab4a3bd2bb9b542a3fb,2041
- completed:
    hackage: uuid-types-1.0.3@sha256:2cab161f274309cfd9ef62694a6bd1b47525bc4c79a827293b055e4a9eadb4d2,2473
    pantry-tree:
      size: 521
      sha256: 438cb9ae5438dc6827eb39cb561a43026972375217b917f15e6a6d85194af9b2
  original:
    hackage: uuid-types-1.0.3@sha256:2cab161f274309cfd9ef62694a6bd1b47525bc4c79a827293b055e4a9eadb4d2,2473
- completed:
    hackage: vault-0.3.1.4@sha256:62d235fefff78982a1f7765b824e03ee3c73af8e2b7fe6a0191d35dbbf1c2c9f,2220
    pantry-tree:
      size: 771
      sha256: 83cf698d5ea5b2ec9c6995aea1deec11dd3b8e31ec3bac9af46e7236e50ff122
  original:
    hackage: vault-0.3.1.4@sha256:62d235fefff78982a1f7765b824e03ee3c73af8e2b7fe6a0191d35dbbf1c2c9f,2220
- completed:
    hackage: wai-app-static-3.1.7.1@sha256:5794536cf07f660cacac29a80c55b413cccffa1db2b56ecfda2efe0c06ad752e,3981
    pantry-tree:
      size: 1343
      sha256: 601ed90bf7f3f315e117bc97d201a87253e2657a3779edcb1a9840debacda585
  original:
    hackage: wai-app-static-3.1.7.1@sha256:5794536cf07f660cacac29a80c55b413cccffa1db2b56ecfda2efe0c06ad752e,3981
- completed:
    hackage: word8-0.1.3@sha256:e5464d0600821a116467d4b12fef12b15ff040c3599500e5f0274225e78c6faf,1397
    pantry-tree:
      size: 478
      sha256: f90debca29fa7b54bb82f1bc6843c827fcea96b5149af4dd0ed69dad73856f0e
  original:
    hackage: word8-0.1.3@sha256:e5464d0600821a116467d4b12fef12b15ff040c3599500e5f0274225e78c6faf,1397
- completed:
    hackage: QuickCheck-2.13.2@sha256:636e7265bf75122e7e2f97627c47aad3b772ee3b35b134cafb6095116ce8d07a,6974
    pantry-tree:
      size: 2202
      sha256: b917f922fc59d98d47b789f50c5a569d1b80ae08d52f4fbebbaad7fc62479e0d
  original:
    hackage: QuickCheck-2.13.2@sha256:636e7265bf75122e7e2f97627c47aad3b772ee3b35b134cafb6095116ce8d07a,6974
- completed:
    hackage: StateVar-1.2@sha256:9ab3e4a0e252d28bc2f799c83e0725c3e23e8d3b722cff0fdb9822e64b6c16ac,1413
    pantry-tree:
      size: 314
      sha256: 7e528e8de1df24f858e0be63bf8987537b2752a3d4f6ec823e5ac0e1dc7f1520
  original:
    hackage: StateVar-1.2@sha256:9ab3e4a0e252d28bc2f799c83e0725c3e23e8d3b722cff0fdb9822e64b6c16ac,1413
- completed:
    hackage: adjunctions-4.4@sha256:2738dd5f5d5e93749adb14a05472e58a96a75d0f299e46371c6f46dc4e97daf9,3067
    pantry-tree:
      size: 1560
      sha256: b9b90a45e77481a8f24baa9b61dbf862199ec736b99344b5c7ae9c905f0425d8
  original:
    hackage: adjunctions-4.4@sha256:2738dd5f5d5e93749adb14a05472e58a96a75d0f299e46371c6f46dc4e97daf9,3067
- completed:
    hackage: ansi-terminal-0.10.3@sha256:e2fbcef5f980dc234c7ad8e2fa433b0e8109132c9e643bc40ea5608cd5697797,3226
    pantry-tree:
      size: 1461
      sha256: 02f05d52be3ffcf36c78876629cbab80b63420672685371aea4fd10e1c4aabb6
  original:
    hackage: ansi-terminal-0.10.3@sha256:e2fbcef5f980dc234c7ad8e2fa433b0e8109132c9e643bc40ea5608cd5697797,3226
- completed:
    hackage: appar-0.1.8@sha256:a5d529bacbb74d566e4c5f9479af0637eac5957705f6db4d2670517489795de8,1070
    pantry-tree:
      size: 506
      sha256: c8bae7bc8c04b6c3593b48f19f1d626face90832f268f6857aba934bccd4272d
  original:
    hackage: appar-0.1.8@sha256:a5d529bacbb74d566e4c5f9479af0637eac5957705f6db4d2670517489795de8,1070
- completed:
    hackage: attoparsec-iso8601-1.0.1.0@sha256:a01c9144dd0e186cdfcff5a4239aecd40f7f519d9b9e8e3d5f41bfcf2ad350e6,1416
    pantry-tree:
      size: 347
      sha256: 0671a5aa0d2473503c123f3465c5eea0468e5398be88933494568196ea7c3c57
  original:
    hackage: attoparsec-iso8601-1.0.1.0@sha256:a01c9144dd0e186cdfcff5a4239aecd40f7f519d9b9e8e3d5f41bfcf2ad350e6,1416
- completed:
    hackage: base-compat-0.11.1@sha256:e49c1ce84f556621ef1142a169e4349049c516f5b3e3c3ec6830be503e7d4a93,7140
    pantry-tree:
      size: 8633
      sha256: af9b1346b6df24c290287098b15418d8145b8cfe2a4c5b3c6d26bd61a6a86b0f
  original:
    hackage: base-compat-0.11.1@sha256:e49c1ce84f556621ef1142a169e4349049c516f5b3e3c3ec6830be503e7d4a93,7140
- completed:
    hackage: blaze-builder-0.4.1.0@sha256:fa992674ea28f6ea6569d93388d757aef928af1e2f0ce80a35c29fb782252a2d,3542
    pantry-tree:
      size: 3101
      sha256: 1e63ef498a5da58823348c064d5f183fd2e2cd6adcf494f02f41da084c66bc82
  original:
    hackage: blaze-builder-0.4.1.0@sha256:fa992674ea28f6ea6569d93388d757aef928af1e2f0ce80a35c29fb782252a2d,3542
- completed:
    hackage: blaze-html-0.9.1.2@sha256:5cd99ebdbf18e096f548f49ccabad0ec1338a1e7dd5165ab304b25e2efb1cb54,2936
    pantry-tree:
      size: 2227
      sha256: ff6e5bf72d16de29dc93c5ea011636ee83146094d656495d282d41f4ee541d4a
  original:
    hackage: blaze-html-0.9.1.2@sha256:5cd99ebdbf18e096f548f49ccabad0ec1338a1e7dd5165ab304b25e2efb1cb54,2936
- completed:
    hackage: blaze-markup-0.8.2.5@sha256:8ff7846819f2e4490d490fbcca9315eeae42d16d7ee8314099332bf82b138b48,2199
    pantry-tree:
      size: 818
      sha256: 34672d077826011c562c54cab04da56979cc6e2af191d8e41d44f9888733526b
  original:
    hackage: blaze-markup-0.8.2.5@sha256:8ff7846819f2e4490d490fbcca9315eeae42d16d7ee8314099332bf82b138b48,2199
- completed:
    hackage: byteorder-1.0.4@sha256:a952817dcbe20af0346fb55a28c13e95e2ddbf3e99f9b4fffdc063f150f13b20,636
    pantry-tree:
      size: 212
      sha256: 1544dc41983f7fe963740d9a8ce2aec1daef17bcb0916fda253dbfa73a14c77a
  original:
    hackage: byteorder-1.0.4@sha256:a952817dcbe20af0346fb55a28c13e95e2ddbf3e99f9b4fffdc063f150f13b20,636
- completed:
    hackage: cookie-0.4.5@sha256:22bbe2bea34cfc546eaca2468386035fec521b8dbae52f5aa2f994ed68b35e0e,1448
    pantry-tree:
      size: 360
      sha256: 60ea383838fb35f55265cbf84905a8f17434bb498f90d691621cbd2156da43e4
  original:
    hackage: cookie-0.4.5@sha256:22bbe2bea34cfc546eaca2468386035fec521b8dbae52f5aa2f994ed68b35e0e,1448
- completed:
    hackage: cryptonite-0.26@sha256:43c722f3770c31f4c5376e7aa42645b104834103312e217aa7fe79316416d6df,17352
    pantry-tree:
      size: 22455
      sha256: cbec4c7bd57508339510f18df64827dbd65eb7ede00db07a463a36aecdda077c
  original:
    hackage: cryptonite-0.26@sha256:43c722f3770c31f4c5376e7aa42645b104834103312e217aa7fe79316416d6df,17352
- completed:
    hackage: http-media-0.8.0.0@sha256:a81152de722f01acd0d2671a1bc4dbd69386d5c586151ac7816550694d2fbfd9,4244
    pantry-tree:
      size: 2127
      sha256: 858b03584711bd5d0b4d60b851e277361096a1f5c9817b860afb8d5ed26ca6c9
  original:
    hackage: http-media-0.8.0.0@sha256:a81152de722f01acd0d2671a1bc4dbd69386d5c586151ac7816550694d2fbfd9,4244
- completed:
    hackage: invariant-0.5.3@sha256:e430340b5f4248159f9fd217c506946887b4ff8f2c7a3819c3d4f06bcb195e6a,3323
    pantry-tree:
      size: 650
      sha256: f7a85efb9277edc3d613003d1ec89f2302dc42674932d705cf2438a76ea5edd0
  original:
    hackage: invariant-0.5.3@sha256:e430340b5f4248159f9fd217c506946887b4ff8f2c7a3819c3d4f06bcb195e6a,3323
- completed:
    hackage: memory-0.15.0@sha256:be7024b50e876a9c3b7febaefdd81d5dc67268c58a7b4e6b3825bdc58274d88c,5002
    pantry-tree:
      size: 2509
      sha256: df13688e9516d23eab08bbec9d26338d072e85bf760b654335dc14289162988f
  original:
    hackage: memory-0.15.0@sha256:be7024b50e876a9c3b7febaefdd81d5dc67268c58a7b4e6b3825bdc58274d88c,5002
- completed:
    hackage: mime-types-0.1.0.9@sha256:d631fe56daed713ec7798933aaa1429dc9912d85375619aa6e25a0fefe8e95e7,826
    pantry-tree:
      size: 311
      sha256: 5cf87fbc920b9d268dde4964e91baac137708fdbdcf80e2bd6f23812a09d97f0
  original:
    hackage: mime-types-0.1.0.9@sha256:d631fe56daed713ec7798933aaa1429dc9912d85375619aa6e25a0fefe8e95e7,826
- completed:
    hackage: mmorph-1.1.3@sha256:abfc95648fef0008f984b94137ce8e1635fb071c7bfaaa7393ba175a1b3bb12f,919
    pantry-tree:
      size: 344
      sha256: b93535fa375deb2e07af348fe9730b7b50b71e4cba0992e03a96a8b8dc13cc48
  original:
    hackage: mmorph-1.1.3@sha256:abfc95648fef0008f984b94137ce8e1635fb071c7bfaaa7393ba175a1b3bb12f,919
- completed:
    hackage: mwc-random-0.14.0.0@sha256:6ae33e246e91f66f621caabb2323b431c8dab57427a417a98f5cac3d82eb7b21,1810
    pantry-tree:
      size: 550
      sha256: e11223e91b7630bac2c7db96b5b8a9a950d66e4998774d39cfe22984148a810d
  original:
    hackage: mwc-random-0.14.0.0@sha256:6ae33e246e91f66f621caabb2323b431c8dab57427a417a98f5cac3d82eb7b21,1810
- completed:
    hackage: network-byte-order-0.1.5@sha256:d59fd5b521599126c44033cc7418e1027abd58a8d673aee9dc070fa40384455e,1299
    pantry-tree:
      size: 280
      sha256: 6b2c8db3e6c2dc98b3f98fa6e8e9a36bfbc5bbcd1ca88ca3a3a1c8120b91f909
  original:
    hackage: network-byte-order-0.1.5@sha256:d59fd5b521599126c44033cc7418e1027abd58a8d673aee9dc070fa40384455e,1299
- completed:
    hackage: old-locale-1.0.0.7@sha256:fa998be2c7e00cd26a6e9075bea790caaf3932caa3e9497ad69bc20380dd6911,1071
    pantry-tree:
      size: 263
      sha256: 462ef15cb35164d585aa3860f717c9685fbf05578330490860abd544381d2e24
  original:
    hackage: old-locale-1.0.0.7@sha256:fa998be2c7e00cd26a6e9075bea790caaf3932caa3e9497ad69bc20380dd6911,1071
- completed:
    hackage: psqueues-0.2.7.2@sha256:dbefb35cff7f85ecbe846aed9d6362a3ce1c45260885fb9d562d8c8ed8a81534,4926
    pantry-tree:
      size: 1696
      sha256: 3da71e8233d631954b5b853e34fa7fc7b052cc7f77291bc2037a95645462d3fd
  original:
    hackage: psqueues-0.2.7.2@sha256:dbefb35cff7f85ecbe846aed9d6362a3ce1c45260885fb9d562d8c8ed8a81534,4926
- completed:
    hackage: singleton-bool-0.1.5@sha256:56211ccd9f98c77e7e826c8a5db1e54b5a65b173c2c5bf3053e2619b04041285,1220
    pantry-tree:
      size: 326
      sha256: 0189da334aced513effdb69d2c6055342be2858fb1ed519bdc2574db58ad7216
  original:
    hackage: singleton-bool-0.1.5@sha256:56211ccd9f98c77e7e826c8a5db1e54b5a65b173c2c5bf3053e2619b04041285,1220
- completed:
    hackage: string-conversions-0.4.0.1@sha256:9c4075e54aa6cabfe244e07e2a1de720f3e98a0a6980fc671ab9c0da30f0f259,1617
    pantry-tree:
      size: 442
      sha256: eb5629dce6a5f06b6a80b63b8465023a5d5431c795588039e13f5f324af24e0a
  original:
    hackage: string-conversions-0.4.0.1@sha256:9c4075e54aa6cabfe244e07e2a1de720f3e98a0a6980fc671ab9c0da30f0f259,1617
- completed:
    hackage: transformers-base-0.4.5.2@sha256:e4d8155470905ba2942033a1537fc4cf91927d1c9b34693fd57ddf3bc02334af,1550
    pantry-tree:
      size: 275
      sha256: de1ab09cfb378c269105d6fcfa0fa9820081c2d1d91c87503a5f10068a4119e7
  original:
    hackage: transformers-base-0.4.5.2@sha256:e4d8155470905ba2942033a1537fc4cf91927d1c9b34693fd57ddf3bc02334af,1550
- completed:
    hackage: vector-builder-0.3.8@sha256:184ed15a76025943ccaf556887cf60bca21359e3ccf4d7735def394ab76b76f1,3531
    pantry-tree:
      size: 865
      sha256: 2334def83d84803ad6b64fab922b764a5ac5080066197161cfe89d736d4c7b2a
  original:
    hackage: vector-builder-0.3.8@sha256:184ed15a76025943ccaf556887cf60bca21359e3ccf4d7735def394ab76b76f1,3531
- completed:
    hackage: wai-extra-3.0.29.2@sha256:619ddbbbe5250583f3a731f9771fadbdf057339f8b133f7abfdea248bb33cab6,7046
    pantry-tree:
      size: 3631
      sha256: 41a926062aa2c0a9a89e40e295816765b5f9113d480ce60427ae90590c3fdabd
  original:
    hackage: wai-extra-3.0.29.2@sha256:619ddbbbe5250583f3a731f9771fadbdf057339f8b133f7abfdea248bb33cab6,7046
- completed:
    hackage: zlib-0.6.2.1@sha256:d34ddf5fece4d1e9d471b5298f36335bb3cfe12cb5a1b8525c42f0b665382f45,4547
    pantry-tree:
      size: 2536
      sha256: 8216dda4ee6a216e6399912d742b622eaab60c8f75a65d7ad2632b70c974ba2e
  original:
    hackage: zlib-0.6.2.1@sha256:d34ddf5fece4d1e9d471b5298f36335bb3cfe12cb5a1b8525c42f0b665382f45,4547
- completed:
    hackage: base-prelude-1.4@sha256:feea99326853023fa9f908308383a7f9802e40f2d241b83dac57b266b202bda6,1412
    pantry-tree:
      size: 271
      sha256: 89c097b83439c4b044b6ae8e43e6cee790ac12ab51cd9f47273b38237fd69eea
  original:
    hackage: base-prelude-1.4@sha256:feea99326853023fa9f908308383a7f9802e40f2d241b83dac57b266b202bda6,1412
- completed:
    hackage: basement-0.0.11@sha256:af43e2e334e515b52ca309919b135c51b5e9411e6d4c68d0e8950d61eb5f25d1,5711
    pantry-tree:
      size: 5859
      sha256: 2b5bdb5b5a3ede3676aef58f0524c38881128338aede213913e64e0c4430906e
  original:
    hackage: basement-0.0.11@sha256:af43e2e334e515b52ca309919b135c51b5e9411e6d4c68d0e8950d61eb5f25d1,5711
- completed:
    hackage: colour-2.3.5@sha256:b27db0a3ad40d70bdbd8510a104269f8707592e80757a1abc66a22ba25e5a42f,1801
    pantry-tree:
      size: 1183
      sha256: ff0f5e24e9f669ceedfcae4d11fd6c68820bbaa2e07ab277368946e9b0f6f8a4
  original:
    hackage: colour-2.3.5@sha256:b27db0a3ad40d70bdbd8510a104269f8707592e80757a1abc66a22ba25e5a42f,1801
- completed:
    hackage: data-default-class-0.1.2.0@sha256:63e62120b7efd733a5a17cf59ceb43268e9a929c748127172d7d42f4a336e327,542
    pantry-tree:
      size: 224
      sha256: 5017630b11698aefa65fc61cab84a257ce97833c968d425e1b2d53d6c3b5c096
  original:
    hackage: data-default-class-0.1.2.0@sha256:63e62120b7efd733a5a17cf59ceb43268e9a929c748127172d7d42f4a336e327,542
- completed:
    hackage: dec-0.0.3@sha256:1a822a19129c1eca8d12a85e4d6fdc77625016ea6c3e8ce30f8d32e0972faeec,1180
    pantry-tree:
      size: 212
      sha256: e95827d0c4bb7a97b8b612b49630f84252bb6e553e593d294150fb610277bdad
  original:
    hackage: dec-0.0.3@sha256:1a822a19129c1eca8d12a85e4d6fdc77625016ea6c3e8ce30f8d32e0972faeec,1180
- completed:
    hackage: fast-logger-3.0.1@sha256:1b3eb76c4aa97cd4424d413d87dcb73ce49d65f60baa6cc9dccc491a0501ded7,2310
    pantry-tree:
      size: 1073
      sha256: 0e103e39c3a3fc10638bf06ff751819e8ad06c600eccf3788d4709456f4911fa
  original:
    hackage: fast-logger-3.0.1@sha256:1b3eb76c4aa97cd4424d413d87dcb73ce49d65f60baa6cc9dccc491a0501ded7,2310
- completed:
    hackage: math-functions-0.3.4.0@sha256:05965e844d0d6a8aba3b8272778fe03ee9ae31beb907d10445c9b5a03ffbd9bf,4200
    pantry-tree:
      size: 3056
      sha256: 0e4527c25b0c292a72db414b3f5f16598426f6d57f56a678fc4d746fba4f441f
  original:
    hackage: math-functions-0.3.4.0@sha256:05965e844d0d6a8aba3b8272778fe03ee9ae31beb907d10445c9b5a03ffbd9bf,4200
- completed:
    hackage: resourcet-1.2.4.1@sha256:711ea955cffd793835a10a51fa84d171a7af8598457dbca0eddd9782c2fae27b,1730
    pantry-tree:
      size: 647
      sha256: a6a3b8abc01c677c0ff964c3657106d106f0c75f18c51d67db9a400bbfa164d7
  original:
    hackage: resourcet-1.2.4.1@sha256:711ea955cffd793835a10a51fa84d171a7af8598457dbca0eddd9782c2fae27b,1730
- completed:
    hackage: splitmix-0.0.5@sha256:4a49661be63f5aea0e132e9ab51be918789bb4dceb4ab9b15b85ba9cbbef5999,5412
    pantry-tree:
      size: 1148
      sha256: b41d4f60cfabab8b02840906191013ee06fe2357371103a471c7cc55eda9e462
  original:
    hackage: splitmix-0.0.5@sha256:4a49661be63f5aea0e132e9ab51be918789bb4dceb4ab9b15b85ba9cbbef5999,5412
- completed:
    hackage: utf8-string-1.0.1.1@sha256:68cc6cf665e7212334a51b63d6936daeaca023b2cfe8637d130acfe95f91700b,1151
    pantry-tree:
      size: 546
      sha256: 94c160d3cba160be807fc2957f539453660cf64bd6cb29879aba82424d03527e
  original:
    hackage: utf8-string-1.0.1.1@sha256:68cc6cf665e7212334a51b63d6936daeaca023b2cfe8637d130acfe95f91700b,1151
- completed:
    hackage: void-0.7.3@sha256:13d30f62fcdf065e595d679d4ac8b4b0c1bb1a1b73db7b5b5a8f857cb5c8a546,1857
    pantry-tree:
      size: 584
      sha256: 5730b45e857424c97d24ee1cf530be1fc782cd000221ac97b5568be886cbbc2b
  original:
    hackage: void-0.7.3@sha256:13d30f62fcdf065e595d679d4ac8b4b0c1bb1a1b73db7b5b5a8f857cb5c8a546,1857
- completed:
    hackage: wai-logger-2.3.6@sha256:2cf80c00b7247277f84e14869f43bf05e9cccb59ca26fb2b5bb20f74edae56e2,1671
    pantry-tree:
      size: 474
      sha256: fb306dbae04dd21fec070cbc431651e001e05c4714b1006bf8595c965a8fcfb1
  original:
    hackage: wai-logger-2.3.6@sha256:2cf80c00b7247277f84e14869f43bf05e9cccb59ca26fb2b5bb20f74edae56e2,1671
- completed:
    hackage: easy-file-0.2.2@sha256:72303120495a9fed82276a7987434361edd6dfecafad241d7c6c03b68e4801e5,1048
    pantry-tree:
      size: 417
      sha256: 218acf3e0001825c43d70948e42a7b702de342fa34eab6fd41dd035a2f6ce8cf
  original:
    hackage: easy-file-0.2.2@sha256:72303120495a9fed82276a7987434361edd6dfecafad241d7c6c03b68e4801e5,1048
- completed:
    hackage: unix-time-0.4.7@sha256:c0d971d04561875b908451c563df8728fe6d8639c90e070b244227f13f76ab8e,2570
    pantry-tree:
      size: 1073
      sha256: bc28cbe467d99caa6399e7cd85cf33548776bbd2c1e91369fe10268c9de546e6
  original:
    hackage: unix-time-0.4.7@sha256:c0d971d04561875b908451c563df8728fe6d8639c90e070b244227f13f76ab8e,2570
- completed:
    hackage: old-time-1.1.0.3@sha256:c91fbb3ee73d20ccd015842b30f1f29a304893ebe0ae3128b7bbc13d5bb0d4c8,1328
    pantry-tree:
      size: 810
      sha256: 890bbbdf4175a409efd7c7c9fe153b71680e33bebeb74c9351d7d9d3a59d3d0e
  original:
    hackage: old-time-1.1.0.3@sha256:c91fbb3ee73d20ccd015842b30f1f29a304893ebe0ae3128b7bbc13d5bb0d4c8,1328
snapshots: []
